
Microsoft Visual Studio Solution File, Format Version 12.00
# Visual Studio Version 16
VisualStudioVersion = 16.0.31702.278
MinimumVisualStudioVersion = 10.0.40219.1
Project("{FAE04EC0-301F-11D3-BF4B-00C04F79EFBC}") = "ConsoleAppRepo", "ConsoleAppRepo.csproj", "{775D2C9F-AD6C-478C-83A5-BD12F468225E}"
EndProject
Global
	GlobalSection(SolutionConfigurationPlatforms) = preSolution
		Debug|Any CPU = Debug|Any CPU
		Release|Any CPU = Release|Any CPU
	EndGlobalSection
	GlobalSection(ProjectConfigurationPlatforms) = postSolution
		{775D2C9F-AD6C-478C-83A5-BD12F468225E}.Debug|Any CPU.ActiveCfg = Debug|Any CPU
		{775D2C9F-AD6C-478C-83A5-BD12F468225E}.Debug|Any CPU.Build.0 = Debug|Any CPU
		{775D2C9F-AD6C-478C-83A5-BD12F468225E}.Release|Any CPU.ActiveCfg = Release|Any CPU
		{775D2C9F-AD6C-478C-83A5-BD12F468225E}.Release|Any CPU.Build.0 = Release|Any CPU
	EndGlobalSection
	GlobalSection(SolutionProperties) = preSolution
		HideSolutionNode = FALSE
	EndGlobalSection
	GlobalSection(ExtensibilityGlobals) = postSolution
		SolutionGuid = {E0688A3C-00BC-4EEA-8D99-C78E906BD30C}
	EndGlobalSection
EndGlobal
